# This file is automatically @generated by Cargo.
# It is not intended for manual editing.
[[package]]
name = "abomonation"
version = "0.7.3"
source = "registry+https://github.com/rust-lang/crates.io-index"
checksum = "56e72913c99b1f927aa7bd59a41518fdd9995f63ffc8760f211609e0241c4fb2"

[[package]]
name = "abomonation_derive"
version = "0.5.0"
source = "registry+https://github.com/rust-lang/crates.io-index"
checksum = "e50e2a046af56a864c62d97b7153fda72c596e646be1b0c7963736821f6e1efa"
dependencies = [
 "proc-macro2",
 "quote",
 "synstructure",
]

[[package]]
name = "derive-new"
version = "0.5.8"
source = "registry+https://github.com/rust-lang/crates.io-index"
checksum = "71f31892cd5c62e414316f2963c5689242c43d8e7bbcaaeca97e5e28c95d91d9"
dependencies = [
 "proc-macro2",
 "quote",
 "syn",
]

[[package]]
name = "differential-dataflow"
version = "0.11.0"
source = "registry+https://github.com/rust-lang/crates.io-index"
checksum = "e03c280ce549faae59fecf2f201ff0901ccd5e9726ce0c292cc79d46e8dfa11c"
dependencies = [
 "abomonation",
 "abomonation_derive",
 "fnv",
 "serde",
 "serde_derive",
 "timely",
 "timely_sort",
]

[[package]]
name = "fnv"
version = "1.0.6"
source = "registry+https://github.com/rust-lang/crates.io-index"
checksum = "2fad85553e09a6f881f739c29f0b00b0f01357c743266d478b68951ce23285f3"

[[package]]
name = "getopts"
version = "0.2.21"
source = "registry+https://github.com/rust-lang/crates.io-index"
checksum = "14dbbfd5c71d70241ecf9e6f13737f7b5ce823821063188d7e46c41d371eebd5"
dependencies = [
 "unicode-width",
]

[[package]]
name = "gs_analytics_api"
version = "0.1.0"
dependencies = [
 "derive-new",
 "differential-dataflow",
 "timely",
]

[[package]]
name = "proc-macro2"
version = "1.0.10"
source = "registry+https://github.com/rust-lang/crates.io-index"
checksum = "df246d292ff63439fea9bc8c0a270bed0e390d5ebd4db4ba15aba81111b5abe3"
dependencies = [
 "unicode-xid",
]

[[package]]
name = "quote"
version = "1.0.3"
source = "registry+https://github.com/rust-lang/crates.io-index"
checksum = "2bdc6c187c65bca4260c9011c9e3132efe4909da44726bad24cf7572ae338d7f"
dependencies = [
 "proc-macro2",
]

[[package]]
name = "serde"
version = "1.0.106"
source = "registry+https://github.com/rust-lang/crates.io-index"
checksum = "36df6ac6412072f67cf767ebbde4133a5b2e88e76dc6187fa7104cd16f783399"

[[package]]
name = "serde_derive"
version = "1.0.106"
source = "registry+https://github.com/rust-lang/crates.io-index"
checksum = "9e549e3abf4fb8621bd1609f11dfc9f5e50320802273b12f3811a67e6716ea6c"
dependencies = [
 "proc-macro2",
 "quote",
 "syn",
]

[[package]]
name = "syn"
version = "1.0.17"
source = "registry+https://github.com/rust-lang/crates.io-index"
checksum = "0df0eb663f387145cab623dea85b09c2c5b4b0aef44e945d928e682fce71bb03"
dependencies = [
 "proc-macro2",
 "quote",
 "unicode-xid",
]

[[package]]
name = "synstructure"
version = "0.12.3"
source = "registry+https://github.com/rust-lang/crates.io-index"
checksum = "67656ea1dc1b41b1451851562ea232ec2e5a80242139f7e679ceccfb5d61f545"
dependencies = [
 "proc-macro2",
 "quote",
 "syn",
 "unicode-xid",
]

[[package]]
name = "timely"
version = "0.11.1"
source = "registry+https://github.com/rust-lang/crates.io-index"
checksum = "cfe8827dd1a7fd3360e0aed3e93d5706c75c402b46f81d634b3a9ab73fca71cf"
dependencies = [
 "abomonation",
 "abomonation_derive",
 "serde",
 "serde_derive",
 "timely_bytes",
 "timely_communication",
 "timely_logging",
]

[[package]]
name = "timely_bytes"
version = "0.11.0"
source = "registry+https://github.com/rust-lang/crates.io-index"
checksum = "d3aa590d9f1532c3e265ffea178f757cb0fb2f617a5123326526cb6c8287c5c4"

[[package]]
name = "timely_communication"
version = "0.11.1"
source = "registry+https://github.com/rust-lang/crates.io-index"
checksum = "fcc4b4cb3a970337237e3e00807d54904ac9693106dcb45e395ab01b9093a30c"
dependencies = [
 "abomonation",
 "abomonation_derive",
 "getopts",
 "serde",
 "serde_derive",
 "timely_bytes",
 "timely_logging",
]

[[package]]
name = "timely_logging"
version = "0.11.1"
source = "registry+https://github.com/rust-lang/crates.io-index"
checksum = "f0ddcf773c75363ce1a25ad4cb7eb1b9e8c2f3a90332395630332f67423bee44"

[[package]]
name = "timely_sort"
version = "0.1.6"
source = "registry+https://github.com/rust-lang/crates.io-index"
checksum = "f6e4b497ab85f6e09ea309d696342d198e444e93a4a55500bf3b0c3c53bdd4b3"

[[package]]
name = "unicode-width"
version = "0.1.7"
source = "registry+https://github.com/rust-lang/crates.io-index"
checksum = "caaa9d531767d1ff2150b9332433f32a24622147e5ebb1f26409d5da67afd479"

[[package]]
name = "unicode-xid"
version = "0.2.0"
source = "registry+https://github.com/rust-lang/crates.io-index"
checksum = "826e7639553986605ec5979c7dd957c7895e93eabed50ab2ffa7f6128a75097c"
